// !$*UTF8*$!
{
	archiveVersion = 1;
	classes = {
	};
	objectVersion = 50;
	objects = {

/* Begin PBXBuildFile section */
		2E8B3F29255D725900EFE2DF /* AppDelegate.swift in Sources */ = {isa = PBXBuildFile; fileRef = 2E8B3F28255D725900EFE2DF /* AppDelegate.swift */; };
		2E8B3F2B255D725900EFE2DF /* SceneDelegate.swift in Sources */ = {isa = PBXBuildFile; fileRef = 2E8B3F2A255D725900EFE2DF /* SceneDelegate.swift */; };
		2E8B3F32255D725A00EFE2DF /* Assets.xcassets in Resources */ = {isa = PBXBuildFile; fileRef = 2E8B3F31255D725A00EFE2DF /* Assets.xcassets */; };
		2E8B3F35255D725A00EFE2DF /* LaunchScreen.storyboard in Resources */ = {isa = PBXBuildFile; fileRef = 2E8B3F33255D725A00EFE2DF /* LaunchScreen.storyboard */; };
		2E8B3F73255D7E1600EFE2DF /* Coordinator.swift in Sources */ = {isa = PBXBuildFile; fileRef = 2E8B3F72255D7E1600EFE2DF /* Coordinator.swift */; };
		2E8B3F79255D7E9D00EFE2DF /* AppCoordinator.swift in Sources */ = {isa = PBXBuildFile; fileRef = 2E8B3F78255D7E9D00EFE2DF /* AppCoordinator.swift */; };
		2E8B3F7D255D7F9A00EFE2DF /* Country.swift in Sources */ = {isa = PBXBuildFile; fileRef = 2E8B3F7C255D7F9A00EFE2DF /* Country.swift */; };
		2E8B3F81255D834600EFE2DF /* CountriesService.swift in Sources */ = {isa = PBXBuildFile; fileRef = 2E8B3F80255D834600EFE2DF /* CountriesService.swift */; };
		2E8B3F87255D8F6300EFE2DF /* APIClient.swift in Sources */ = {isa = PBXBuildFile; fileRef = 2E8B3F86255D8F6300EFE2DF /* APIClient.swift */; };
		2E8B3F96255D929200EFE2DF /* CountriesServiceTests.swift in Sources */ = {isa = PBXBuildFile; fileRef = 2E8B3F95255D929200EFE2DF /* CountriesServiceTests.swift */; };
		2E8B3F9B255D930900EFE2DF /* CountryData.json in Resources */ = {isa = PBXBuildFile; fileRef = 2E8B3F9A255D930900EFE2DF /* CountryData.json */; };
		2E8B3FAD255D9E0E00EFE2DF /* APIClientTests.swift in Sources */ = {isa = PBXBuildFile; fileRef = 2E8B3FAC255D9E0E00EFE2DF /* APIClientTests.swift */; };
		2E8B3FBF255DA5D000EFE2DF /* CountriesViewModel.swift in Sources */ = {isa = PBXBuildFile; fileRef = 2E8B3FBE255DA5D000EFE2DF /* CountriesViewModel.swift */; };
		2E8B3FC6255DAB8600EFE2DF /* CountriesViewModelTests.swift in Sources */ = {isa = PBXBuildFile; fileRef = 2E8B3FC5255DAB8600EFE2DF /* CountriesViewModelTests.swift */; };
		2E8B3FCD255DAC2E00EFE2DF /* MockCountriesListService.swift in Sources */ = {isa = PBXBuildFile; fileRef = 2E8B3FCC255DAC2E00EFE2DF /* MockCountriesListService.swift */; };
		2E8B3FD6255DB12E00EFE2DF /* CountriesListViewController.swift in Sources */ = {isa = PBXBuildFile; fileRef = 2E8B3FD4255DB12E00EFE2DF /* CountriesListViewController.swift */; };
		2E8B3FD7255DB12E00EFE2DF /* CountriesListViewController.xib in Resources */ = {isa = PBXBuildFile; fileRef = 2E8B3FD5255DB12E00EFE2DF /* CountriesListViewController.xib */; };
		2E8B3FDC255DBE3100EFE2DF /* CountryCell.swift in Sources */ = {isa = PBXBuildFile; fileRef = 2E8B3FDA255DBE3100EFE2DF /* CountryCell.swift */; };
		2E8B3FDD255DBE3100EFE2DF /* CountryCell.xib in Resources */ = {isa = PBXBuildFile; fileRef = 2E8B3FDB255DBE3100EFE2DF /* CountryCell.xib */; };
		2E8B3FE5255DCFFE00EFE2DF /* CoordinatorTests.swift in Sources */ = {isa = PBXBuildFile; fileRef = 2E8B3FE4255DCFFE00EFE2DF /* CoordinatorTests.swift */; };
		2E8B3FEC255DD1A200EFE2DF /* CountriesListViewTests.swift in Sources */ = {isa = PBXBuildFile; fileRef = 2E8B3FEB255DD1A200EFE2DF /* CountriesListViewTests.swift */; };
		2EC57631255DE8160073C737 /* ImageService.swift in Sources */ = {isa = PBXBuildFile; fileRef = 2EC57630255DE8160073C737 /* ImageService.swift */; };
		2EC57635255DE9B00073C737 /* UIImage+Extensions.swift in Sources */ = {isa = PBXBuildFile; fileRef = 2EC57634255DE9B00073C737 /* UIImage+Extensions.swift */; };
		2EC57640255DEC0D0073C737 /* CachedImageView.swift in Sources */ = {isa = PBXBuildFile; fileRef = 2EC5763F255DEC0D0073C737 /* CachedImageView.swift */; };
/* End PBXBuildFile section */

/* Begin PBXContainerItemProxy section */
		2E8B3F3C255D725A00EFE2DF /* PBXContainerItemProxy */ = {
			isa = PBXContainerItemProxy;
			containerPortal = 2E8B3F1D255D725900EFE2DF /* Project object */;
			proxyType = 1;
			remoteGlobalIDString = 2E8B3F24255D725900EFE2DF;
			remoteInfo = FlagMania;
		};
/* End PBXContainerItemProxy section */

/* Begin PBXFileReference section */
		2E8B3F25255D725900EFE2DF /* FlagMania.app */ = {isa = PBXFileReference; explicitFileType = wrapper.application; includeInIndex = 0; path = FlagMania.app; sourceTree = BUILT_PRODUCTS_DIR; };
		2E8B3F28255D725900EFE2DF /* AppDelegate.swift */ = {isa = PBXFileReference; lastKnownFileType = sourcecode.swift; path = AppDelegate.swift; sourceTree = "<group>"; };
		2E8B3F2A255D725900EFE2DF /* SceneDelegate.swift */ = {isa = PBXFileReference; lastKnownFileType = sourcecode.swift; path = SceneDelegate.swift; sourceTree = "<group>"; };
		2E8B3F31255D725A00EFE2DF /* Assets.xcassets */ = {isa = PBXFileReference; lastKnownFileType = folder.assetcatalog; path = Assets.xcassets; sourceTree = "<group>"; };
		2E8B3F34255D725A00EFE2DF /* Base */ = {isa = PBXFileReference; lastKnownFileType = file.storyboard; name = Base; path = Base.lproj/LaunchScreen.storyboard; sourceTree = "<group>"; };
		2E8B3F36255D725A00EFE2DF /* Info.plist */ = {isa = PBXFileReference; lastKnownFileType = text.plist.xml; path = Info.plist; sourceTree = "<group>"; };
		2E8B3F3B255D725A00EFE2DF /* FlagManiaTests.xctest */ = {isa = PBXFileReference; explicitFileType = wrapper.cfbundle; includeInIndex = 0; path = FlagManiaTests.xctest; sourceTree = BUILT_PRODUCTS_DIR; };
		2E8B3F41255D725A00EFE2DF /* Info.plist */ = {isa = PBXFileReference; lastKnownFileType = text.plist.xml; path = Info.plist; sourceTree = "<group>"; };
		2E8B3F72255D7E1600EFE2DF /* Coordinator.swift */ = {isa = PBXFileReference; lastKnownFileType = sourcecode.swift; path = Coordinator.swift; sourceTree = "<group>"; };
		2E8B3F78255D7E9D00EFE2DF /* AppCoordinator.swift */ = {isa = PBXFileReference; lastKnownFileType = sourcecode.swift; path = AppCoordinator.swift; sourceTree = "<group>"; };
		2E8B3F7C255D7F9A00EFE2DF /* Country.swift */ = {isa = PBXFileReference; lastKnownFileType = sourcecode.swift; path = Country.swift; sourceTree = "<group>"; };
		2E8B3F80255D834600EFE2DF /* CountriesService.swift */ = {isa = PBXFileReference; lastKnownFileType = sourcecode.swift; path = CountriesService.swift; sourceTree = "<group>"; };
		2E8B3F86255D8F6300EFE2DF /* APIClient.swift */ = {isa = PBXFileReference; lastKnownFileType = sourcecode.swift; path = APIClient.swift; sourceTree = "<group>"; };
		2E8B3F95255D929200EFE2DF /* CountriesServiceTests.swift */ = {isa = PBXFileReference; lastKnownFileType = sourcecode.swift; path = CountriesServiceTests.swift; sourceTree = "<group>"; };
		2E8B3F9A255D930900EFE2DF /* CountryData.json */ = {isa = PBXFileReference; lastKnownFileType = text.json; path = CountryData.json; sourceTree = "<group>"; };
		2E8B3FAC255D9E0E00EFE2DF /* APIClientTests.swift */ = {isa = PBXFileReference; lastKnownFileType = sourcecode.swift; path = APIClientTests.swift; sourceTree = "<group>"; };
		2E8B3FBE255DA5D000EFE2DF /* CountriesViewModel.swift */ = {isa = PBXFileReference; lastKnownFileType = sourcecode.swift; path = CountriesViewModel.swift; sourceTree = "<group>"; };
		2E8B3FC5255DAB8600EFE2DF /* CountriesViewModelTests.swift */ = {isa = PBXFileReference; lastKnownFileType = sourcecode.swift; path = CountriesViewModelTests.swift; sourceTree = "<group>"; };
		2E8B3FCC255DAC2E00EFE2DF /* MockCountriesListService.swift */ = {isa = PBXFileReference; lastKnownFileType = sourcecode.swift; path = MockCountriesListService.swift; sourceTree = "<group>"; };
		2E8B3FD4255DB12E00EFE2DF /* CountriesListViewController.swift */ = {isa = PBXFileReference; lastKnownFileType = sourcecode.swift; path = CountriesListViewController.swift; sourceTree = "<group>"; };
		2E8B3FD5255DB12E00EFE2DF /* CountriesListViewController.xib */ = {isa = PBXFileReference; lastKnownFileType = file.xib; path = CountriesListViewController.xib; sourceTree = "<group>"; };
		2E8B3FDA255DBE3100EFE2DF /* CountryCell.swift */ = {isa = PBXFileReference; lastKnownFileType = sourcecode.swift; path = CountryCell.swift; sourceTree = "<group>"; };
		2E8B3FDB255DBE3100EFE2DF /* CountryCell.xib */ = {isa = PBXFileReference; lastKnownFileType = file.xib; path = CountryCell.xib; sourceTree = "<group>"; };
		2E8B3FE4255DCFFE00EFE2DF /* CoordinatorTests.swift */ = {isa = PBXFileReference; lastKnownFileType = sourcecode.swift; path = CoordinatorTests.swift; sourceTree = "<group>"; };
		2E8B3FEB255DD1A200EFE2DF /* CountriesListViewTests.swift */ = {isa = PBXFileReference; lastKnownFileType = sourcecode.swift; path = CountriesListViewTests.swift; sourceTree = "<group>"; };
		2EC57630255DE8160073C737 /* ImageService.swift */ = {isa = PBXFileReference; lastKnownFileType = sourcecode.swift; path = ImageService.swift; sourceTree = "<group>"; };
		2EC57634255DE9B00073C737 /* UIImage+Extensions.swift */ = {isa = PBXFileReference; lastKnownFileType = sourcecode.swift; path = "UIImage+Extensions.swift"; sourceTree = "<group>"; };
		2EC5763F255DEC0D0073C737 /* CachedImageView.swift */ = {isa = PBXFileReference; lastKnownFileType = sourcecode.swift; path = CachedImageView.swift; sourceTree = "<group>"; };
/* End PBXFileReference section */

/* Begin PBXFrameworksBuildPhase section */
		2E8B3F22255D725900EFE2DF /* Frameworks */ = {
			isa = PBXFrameworksBuildPhase;
			buildActionMask = 2147483647;
			files = (
			);
			runOnlyForDeploymentPostprocessing = 0;
		};
		2E8B3F38255D725A00EFE2DF /* Frameworks */ = {
			isa = PBXFrameworksBuildPhase;
			buildActionMask = 2147483647;
			files = (
			);
			runOnlyForDeploymentPostprocessing = 0;
		};
/* End PBXFrameworksBuildPhase section */

/* Begin PBXGroup section */
		2E8B3F1C255D725900EFE2DF = {
			isa = PBXGroup;
			children = (
				2E8B3F27255D725900EFE2DF /* FlagMania */,
				2E8B3F3E255D725A00EFE2DF /* FlagManiaTests */,
				2E8B3F26255D725900EFE2DF /* Products */,
			);
			sourceTree = "<group>";
		};
		2E8B3F26255D725900EFE2DF /* Products */ = {
			isa = PBXGroup;
			children = (
				2E8B3F25255D725900EFE2DF /* FlagMania.app */,
				2E8B3F3B255D725A00EFE2DF /* FlagManiaTests.xctest */,
			);
			name = Products;
			sourceTree = "<group>";
		};
		2E8B3F27255D725900EFE2DF /* FlagMania */ = {
			isa = PBXGroup;
			children = (
				2E8B3F28255D725900EFE2DF /* AppDelegate.swift */,
				2E8B3F2A255D725900EFE2DF /* SceneDelegate.swift */,
				2E8B3F5C255D72F100EFE2DF /* Extensions */,
				2E8B3F5B255D72C400EFE2DF /* Models */,
				2E8B3F6A255D739600EFE2DF /* Coordinators */,
				2E8B3F5D255D732A00EFE2DF /* Networking */,
				2EC5763E255DEBE80073C737 /* Controls */,
				2E8B3FBD255DA52D00EFE2DF /* CountriesView */,
				2E8B3F5E255D733A00EFE2DF /* Resources */,
				2E8B3F33255D725A00EFE2DF /* LaunchScreen.storyboard */,
				2E8B3F36255D725A00EFE2DF /* Info.plist */,
			);
			path = FlagMania;
			sourceTree = "<group>";
		};
		2E8B3F3E255D725A00EFE2DF /* FlagManiaTests */ = {
			isa = PBXGroup;
			children = (
				2E8B3FE8255DD00900EFE2DF /* Coordinator */,
				2E8B3FCB255DAC0E00EFE2DF /* Resources */,
				2E8B3FC4255DAB5C00EFE2DF /* CountriesView */,
				2E8B3F8E255D922400EFE2DF /* Networking */,
				2E8B3F41255D725A00EFE2DF /* Info.plist */,
			);
			path = FlagManiaTests;
			sourceTree = "<group>";
		};
		2E8B3F5B255D72C400EFE2DF /* Models */ = {
			isa = PBXGroup;
			children = (
				2E8B3F7C255D7F9A00EFE2DF /* Country.swift */,
			);
			path = Models;
			sourceTree = "<group>";
		};
		2E8B3F5C255D72F100EFE2DF /* Extensions */ = {
			isa = PBXGroup;
			children = (
				2EC57634255DE9B00073C737 /* UIImage+Extensions.swift */,
			);
			path = Extensions;
			sourceTree = "<group>";
		};
		2E8B3F5D255D732A00EFE2DF /* Networking */ = {
			isa = PBXGroup;
			children = (
				2E8B3F86255D8F6300EFE2DF /* APIClient.swift */,
				2E8B3F80255D834600EFE2DF /* CountriesService.swift */,
				2EC57630255DE8160073C737 /* ImageService.swift */,
			);
			path = Networking;
			sourceTree = "<group>";
		};
		2E8B3F5E255D733A00EFE2DF /* Resources */ = {
			isa = PBXGroup;
			children = (
				2E8B3F31255D725A00EFE2DF /* Assets.xcassets */,
			);
			path = Resources;
			sourceTree = "<group>";
		};
		2E8B3F6A255D739600EFE2DF /* Coordinators */ = {
			isa = PBXGroup;
			children = (
				2E8B3F72255D7E1600EFE2DF /* Coordinator.swift */,
				2E8B3F78255D7E9D00EFE2DF /* AppCoordinator.swift */,
			);
			path = Coordinators;
			sourceTree = "<group>";
		};
		2E8B3F8E255D922400EFE2DF /* Networking */ = {
			isa = PBXGroup;
			children = (
				2E8B3F99255D92D500EFE2DF /* MockData */,
				2E8B3F95255D929200EFE2DF /* CountriesServiceTests.swift */,
				2E8B3FAC255D9E0E00EFE2DF /* APIClientTests.swift */,
			);
			path = Networking;
			sourceTree = "<group>";
		};
		2E8B3F99255D92D500EFE2DF /* MockData */ = {
			isa = PBXGroup;
			children = (
				2E8B3F9A255D930900EFE2DF /* CountryData.json */,
			);
			path = MockData;
			sourceTree = "<group>";
		};
		2E8B3FBD255DA52D00EFE2DF /* CountriesView */ = {
			isa = PBXGroup;
			children = (
				2E8B3FD4255DB12E00EFE2DF /* CountriesListViewController.swift */,
				2E8B3FBE255DA5D000EFE2DF /* CountriesViewModel.swift */,
				2E8B3FD5255DB12E00EFE2DF /* CountriesListViewController.xib */,
				2E8B3FDA255DBE3100EFE2DF /* CountryCell.swift */,
				2E8B3FDB255DBE3100EFE2DF /* CountryCell.xib */,
			);
			path = CountriesView;
			sourceTree = "<group>";
		};
		2E8B3FC4255DAB5C00EFE2DF /* CountriesView */ = {
			isa = PBXGroup;
			children = (
				2E8B3FC5255DAB8600EFE2DF /* CountriesViewModelTests.swift */,
				2E8B3FEB255DD1A200EFE2DF /* CountriesListViewTests.swift */,
			);
			path = CountriesView;
			sourceTree = "<group>";
		};
		2E8B3FCB255DAC0E00EFE2DF /* Resources */ = {
			isa = PBXGroup;
			children = (
				2E8B3FCC255DAC2E00EFE2DF /* MockCountriesListService.swift */,
			);
			path = Resources;
			sourceTree = "<group>";
		};
		2E8B3FE8255DD00900EFE2DF /* Coordinator */ = {
			isa = PBXGroup;
			children = (
				2E8B3FE4255DCFFE00EFE2DF /* CoordinatorTests.swift */,
			);
			path = Coordinator;
			sourceTree = "<group>";
		};
		2EC5763E255DEBE80073C737 /* Controls */ = {
			isa = PBXGroup;
			children = (
				2EC5763F255DEC0D0073C737 /* CachedImageView.swift */,
			);
			path = Controls;
			sourceTree = "<group>";
		};
/* End PBXGroup section */

/* Begin PBXNativeTarget section */
		2E8B3F24255D725900EFE2DF /* FlagMania */ = {
			isa = PBXNativeTarget;
			buildConfigurationList = 2E8B3F4F255D725A00EFE2DF /* Build configuration list for PBXNativeTarget "FlagMania" */;
			buildPhases = (
				2E8B3F21255D725900EFE2DF /* Sources */,
				2E8B3F22255D725900EFE2DF /* Frameworks */,
				2E8B3F23255D725900EFE2DF /* Resources */,
			);
			buildRules = (
			);
			dependencies = (
			);
			name = FlagMania;
			productName = FlagMania;
			productReference = 2E8B3F25255D725900EFE2DF /* FlagMania.app */;
			productType = "com.apple.product-type.application";
		};
		2E8B3F3A255D725A00EFE2DF /* FlagManiaTests */ = {
			isa = PBXNativeTarget;
			buildConfigurationList = 2E8B3F52255D725A00EFE2DF /* Build configuration list for PBXNativeTarget "FlagManiaTests" */;
			buildPhases = (
				2E8B3F37255D725A00EFE2DF /* Sources */,
				2E8B3F38255D725A00EFE2DF /* Frameworks */,
				2E8B3F39255D725A00EFE2DF /* Resources */,
			);
			buildRules = (
			);
			dependencies = (
				2E8B3F3D255D725A00EFE2DF /* PBXTargetDependency */,
			);
			name = FlagManiaTests;
			productName = FlagManiaTests;
			productReference = 2E8B3F3B255D725A00EFE2DF /* FlagManiaTests.xctest */;
			productType = "com.apple.product-type.bundle.unit-test";
		};
/* End PBXNativeTarget section */

/* Begin PBXProject section */
		2E8B3F1D255D725900EFE2DF /* Project object */ = {
			isa = PBXProject;
			attributes = {
				LastSwiftUpdateCheck = 1210;
				LastUpgradeCheck = 1210;
				TargetAttributes = {
					2E8B3F24255D725900EFE2DF = {
						CreatedOnToolsVersion = 12.1;
					};
					2E8B3F3A255D725A00EFE2DF = {
						CreatedOnToolsVersion = 12.1;
						LastSwiftMigration = 1210;
						TestTargetID = 2E8B3F24255D725900EFE2DF;
					};
				};
			};
			buildConfigurationList = 2E8B3F20255D725900EFE2DF /* Build configuration list for PBXProject "FlagMania" */;
			compatibilityVersion = "Xcode 9.3";
			developmentRegion = en;
			hasScannedForEncodings = 0;
			knownRegions = (
				en,
				Base,
			);
			mainGroup = 2E8B3F1C255D725900EFE2DF;
			productRefGroup = 2E8B3F26255D725900EFE2DF /* Products */;
			projectDirPath = "";
			projectRoot = "";
			targets = (
				2E8B3F24255D725900EFE2DF /* FlagMania */,
				2E8B3F3A255D725A00EFE2DF /* FlagManiaTests */,
			);
		};
/* End PBXProject section */

/* Begin PBXResourcesBuildPhase section */
		2E8B3F23255D725900EFE2DF /* Resources */ = {
			isa = PBXResourcesBuildPhase;
			buildActionMask = 2147483647;
			files = (
				2E8B3FDD255DBE3100EFE2DF /* CountryCell.xib in Resources */,
				2E8B3FD7255DB12E00EFE2DF /* CountriesListViewController.xib in Resources */,
				2E8B3F35255D725A00EFE2DF /* LaunchScreen.storyboard in Resources */,
				2E8B3F32255D725A00EFE2DF /* Assets.xcassets in Resources */,
			);
			runOnlyForDeploymentPostprocessing = 0;
		};
		2E8B3F39255D725A00EFE2DF /* Resources */ = {
			isa = PBXResourcesBuildPhase;
			buildActionMask = 2147483647;
			files = (
				2E8B3F9B255D930900EFE2DF /* CountryData.json in Resources */,
			);
			runOnlyForDeploymentPostprocessing = 0;
		};
/* End PBXResourcesBuildPhase section */

/* Begin PBXSourcesBuildPhase section */
		2E8B3F21255D725900EFE2DF /* Sources */ = {
			isa = PBXSourcesBuildPhase;
			buildActionMask = 2147483647;
			files = (
				2E8B3F79255D7E9D00EFE2DF /* AppCoordinator.swift in Sources */,
				2E8B3F87255D8F6300EFE2DF /* APIClient.swift in Sources */,
				2E8B3FDC255DBE3100EFE2DF /* CountryCell.swift in Sources */,
				2E8B3F29255D725900EFE2DF /* AppDelegate.swift in Sources */,
				2EC57631255DE8160073C737 /* ImageService.swift in Sources */,
				2E8B3FBF255DA5D000EFE2DF /* CountriesViewModel.swift in Sources */,
				2E8B3FD6255DB12E00EFE2DF /* CountriesListViewController.swift in Sources */,
				2EC57640255DEC0D0073C737 /* CachedImageView.swift in Sources */,
				2E8B3F2B255D725900EFE2DF /* SceneDelegate.swift in Sources */,
				2E8B3F7D255D7F9A00EFE2DF /* Country.swift in Sources */,
				2EC57635255DE9B00073C737 /* UIImage+Extensions.swift in Sources */,
				2E8B3F73255D7E1600EFE2DF /* Coordinator.swift in Sources */,
				2E8B3F81255D834600EFE2DF /* CountriesService.swift in Sources */,
			);
			runOnlyForDeploymentPostprocessing = 0;
		};
		2E8B3F37255D725A00EFE2DF /* Sources */ = {
			isa = PBXSourcesBuildPhase;
			buildActionMask = 2147483647;
			files = (
				2E8B3FCD255DAC2E00EFE2DF /* MockCountriesListService.swift in Sources */,
				2E8B3FE5255DCFFE00EFE2DF /* CoordinatorTests.swift in Sources */,
				2E8B3FC6255DAB8600EFE2DF /* CountriesViewModelTests.swift in Sources */,
				2E8B3FEC255DD1A200EFE2DF /* CountriesListViewTests.swift in Sources */,
				2E8B3F96255D929200EFE2DF /* CountriesServiceTests.swift in Sources */,
				2E8B3FAD255D9E0E00EFE2DF /* APIClientTests.swift in Sources */,
			);
			runOnlyForDeploymentPostprocessing = 0;
		};
/* End PBXSourcesBuildPhase section */

/* Begin PBXTargetDependency section */
		2E8B3F3D255D725A00EFE2DF /* PBXTargetDependency */ = {
			isa = PBXTargetDependency;
			target = 2E8B3F24255D725900EFE2DF /* FlagMania */;
			targetProxy = 2E8B3F3C255D725A00EFE2DF /* PBXContainerItemProxy */;
		};
/* End PBXTargetDependency section */

/* Begin PBXVariantGroup section */
		2E8B3F33255D725A00EFE2DF /* LaunchScreen.storyboard */ = {
			isa = PBXVariantGroup;
			children = (
				2E8B3F34255D725A00EFE2DF /* Base */,
			);
			name = LaunchScreen.storyboard;
			sourceTree = "<group>";
		};
/* End PBXVariantGroup section */

/* Begin XCBuildConfiguration section */
		2E8B3F4D255D725A00EFE2DF /* Debug */ = {
			isa = XCBuildConfiguration;
			buildSettings = {
				ALWAYS_SEARCH_USER_PATHS = NO;
				CLANG_ANALYZER_NONNULL = YES;
				CLANG_ANALYZER_NUMBER_OBJECT_CONVERSION = YES_AGGRESSIVE;
				CLANG_CXX_LANGUAGE_STANDARD = "gnu++14";
				CLANG_CXX_LIBRARY = "libc++";
				CLANG_ENABLE_MODULES = YES;
				CLANG_ENABLE_OBJC_ARC = YES;
				CLANG_ENABLE_OBJC_WEAK = YES;
				CLANG_WARN_BLOCK_CAPTURE_AUTORELEASING = YES;
				CLANG_WARN_BOOL_CONVERSION = YES;
				CLANG_WARN_COMMA = YES;
				CLANG_WARN_CONSTANT_CONVERSION = YES;
				CLANG_WARN_DEPRECATED_OBJC_IMPLEMENTATIONS = YES;
				CLANG_WARN_DIRECT_OBJC_ISA_USAGE = YES_ERROR;
				CLANG_WARN_DOCUMENTATION_COMMENTS = YES;
				CLANG_WARN_EMPTY_BODY = YES;
				CLANG_WARN_ENUM_CONVERSION = YES;
				CLANG_WARN_INFINITE_RECURSION = YES;
				CLANG_WARN_INT_CONVERSION = YES;
				CLANG_WARN_NON_LITERAL_NULL_CONVERSION = YES;
				CLANG_WARN_OBJC_IMPLICIT_RETAIN_SELF = YES;
				CLANG_WARN_OBJC_LITERAL_CONVERSION = YES;
				CLANG_WARN_OBJC_ROOT_CLASS = YES_ERROR;
				CLANG_WARN_QUOTED_INCLUDE_IN_FRAMEWORK_HEADER = YES;
				CLANG_WARN_RANGE_LOOP_ANALYSIS = YES;
				CLANG_WARN_STRICT_PROTOTYPES = YES;
				CLANG_WARN_SUSPICIOUS_MOVE = YES;
				CLANG_WARN_UNGUARDED_AVAILABILITY = YES_AGGRESSIVE;
				CLANG_WARN_UNREACHABLE_CODE = YES;
				CLANG_WARN__DUPLICATE_METHOD_MATCH = YES;
				COPY_PHASE_STRIP = NO;
				DEBUG_INFORMATION_FORMAT = dwarf;
				ENABLE_STRICT_OBJC_MSGSEND = YES;
				ENABLE_TESTABILITY = YES;
				GCC_C_LANGUAGE_STANDARD = gnu11;
				GCC_DYNAMIC_NO_PIC = NO;
				GCC_NO_COMMON_BLOCKS = YES;
				GCC_OPTIMIZATION_LEVEL = 0;
				GCC_PREPROCESSOR_DEFINITIONS = (
					"DEBUG=1",
					"$(inherited)",
				);
				GCC_WARN_64_TO_32_BIT_CONVERSION = YES;
				GCC_WARN_ABOUT_RETURN_TYPE = YES_ERROR;
				GCC_WARN_UNDECLARED_SELECTOR = YES;
				GCC_WARN_UNINITIALIZED_AUTOS = YES_AGGRESSIVE;
				GCC_WARN_UNUSED_FUNCTION = YES;
				GCC_WARN_UNUSED_VARIABLE = YES;
				IPHONEOS_DEPLOYMENT_TARGET = 14.1;
				MTL_ENABLE_DEBUG_INFO = INCLUDE_SOURCE;
				MTL_FAST_MATH = YES;
				ONLY_ACTIVE_ARCH = YES;
				SDKROOT = iphoneos;
				SWIFT_ACTIVE_COMPILATION_CONDITIONS = DEBUG;
				SWIFT_OPTIMIZATION_LEVEL = "-Onone";
			};
			name = Debug;
		};
		2E8B3F4E255D725A00EFE2DF /* Release */ = {
			isa = XCBuildConfiguration;
			buildSettings = {
				ALWAYS_SEARCH_USER_PATHS = NO;
				CLANG_ANALYZER_NONNULL = YES;
				CLANG_ANALYZER_NUMBER_OBJECT_CONVERSION = YES_AGGRESSIVE;
				CLANG_CXX_LANGUAGE_STANDARD = "gnu++14";
				CLANG_CXX_LIBRARY = "libc++";
				CLANG_ENABLE_MODULES = YES;
				CLANG_ENABLE_OBJC_ARC = YES;
				CLANG_ENABLE_OBJC_WEAK = YES;
				CLANG_WARN_BLOCK_CAPTURE_AUTORELEASING = YES;
				CLANG_WARN_BOOL_CONVERSION = YES;
				CLANG_WARN_COMMA = YES;
				CLANG_WARN_CONSTANT_CONVERSION = YES;
				CLANG_WARN_DEPRECATED_OBJC_IMPLEMENTATIONS = YES;
				CLANG_WARN_DIRECT_OBJC_ISA_USAGE = YES_ERROR;
				CLANG_WARN_DOCUMENTATION_COMMENTS = YES;
				CLANG_WARN_EMPTY_BODY = YES;
				CLANG_WARN_ENUM_CONVERSION = YES;
				CLANG_WARN_INFINITE_RECURSION = YES;
				CLANG_WARN_INT_CONVERSION = YES;
				CLANG_WARN_NON_LITERAL_NULL_CONVERSION = YES;
				CLANG_WARN_OBJC_IMPLICIT_RETAIN_SELF = YES;
				CLANG_WARN_OBJC_LITERAL_CONVERSION = YES;
				CLANG_WARN_OBJC_ROOT_CLASS = YES_ERROR;
				CLANG_WARN_QUOTED_INCLUDE_IN_FRAMEWORK_HEADER = YES;
				CLANG_WARN_RANGE_LOOP_ANALYSIS = YES;
				CLANG_WARN_STRICT_PROTOTYPES = YES;
				CLANG_WARN_SUSPICIOUS_MOVE = YES;
				CLANG_WARN_UNGUARDED_AVAILABILITY = YES_AGGRESSIVE;
				CLANG_WARN_UNREACHABLE_CODE = YES;
				CLANG_WARN__DUPLICATE_METHOD_MATCH = YES;
				COPY_PHASE_STRIP = NO;
				DEBUG_INFORMATION_FORMAT = "dwarf-with-dsym";
				ENABLE_NS_ASSERTIONS = NO;
				ENABLE_STRICT_OBJC_MSGSEND = YES;
				GCC_C_LANGUAGE_STANDARD = gnu11;
				GCC_NO_COMMON_BLOCKS = YES;
				GCC_WARN_64_TO_32_BIT_CONVERSION = YES;
				GCC_WARN_ABOUT_RETURN_TYPE = YES_ERROR;
				GCC_WARN_UNDECLARED_SELECTOR = YES;
				GCC_WARN_UNINITIALIZED_AUTOS = YES_AGGRESSIVE;
				GCC_WARN_UNUSED_FUNCTION = YES;
				GCC_WARN_UNUSED_VARIABLE = YES;
				IPHONEOS_DEPLOYMENT_TARGET = 14.1;
				MTL_ENABLE_DEBUG_INFO = NO;
				MTL_FAST_MATH = YES;
				SDKROOT = iphoneos;
				SWIFT_COMPILATION_MODE = wholemodule;
				SWIFT_OPTIMIZATION_LEVEL = "-O";
				VALIDATE_PRODUCT = YES;
			};
			name = Release;
		};
		2E8B3F50255D725A00EFE2DF /* Debug */ = {
			isa = XCBuildConfiguration;
			buildSettings = {
				ASSETCATALOG_COMPILER_APPICON_NAME = AppIcon;
				ASSETCATALOG_COMPILER_GLOBAL_ACCENT_COLOR_NAME = AccentColor;
				CODE_SIGN_STYLE = Automatic;
				DEVELOPMENT_TEAM = EZVKD2Y4CX;
				INFOPLIST_FILE = FlagMania/Info.plist;
				LD_RUNPATH_SEARCH_PATHS = (
					"$(inherited)",
					"@executable_path/Frameworks",
				);
				PRODUCT_BUNDLE_IDENTIFIER = com.davidanglin.FlagMania;
				PRODUCT_NAME = "$(TARGET_NAME)";
				SWIFT_VERSION = 5.0;
				TARGETED_DEVICE_FAMILY = "1,2";
			};
			name = Debug;
		};
		2E8B3F51255D725A00EFE2DF /* Release */ = {
			isa = XCBuildConfiguration;
			buildSettings = {
				ASSETCATALOG_COMPILER_APPICON_NAME = AppIcon;
				ASSETCATALOG_COMPILER_GLOBAL_ACCENT_COLOR_NAME = AccentColor;
				CODE_SIGN_STYLE = Automatic;
				DEVELOPMENT_TEAM = EZVKD2Y4CX;
				INFOPLIST_FILE = FlagMania/Info.plist;
				LD_RUNPATH_SEARCH_PATHS = (
					"$(inherited)",
					"@executable_path/Frameworks",
				);
				PRODUCT_BUNDLE_IDENTIFIER = com.davidanglin.FlagMania;
				PRODUCT_NAME = "$(TARGET_NAME)";
				SWIFT_VERSION = 5.0;
				TARGETED_DEVICE_FAMILY = "1,2";
			};
			name = Release;
		};
		2E8B3F53255D725A00EFE2DF /* Debug */ = {
			isa = XCBuildConfiguration;
			buildSettings = {
				ALWAYS_EMBED_SWIFT_STANDARD_LIBRARIES = YES;
				BUNDLE_LOADER = "$(TEST_HOST)";
				CLANG_ENABLE_MODULES = YES;
				CODE_SIGN_STYLE = Automatic;
				DEVELOPMENT_TEAM = EZVKD2Y4CX;
				INFOPLIST_FILE = FlagManiaTests/Info.plist;
				IPHONEOS_DEPLOYMENT_TARGET = 14.1;
				LD_RUNPATH_SEARCH_PATHS = (
					"$(inherited)",
					"@executable_path/Frameworks",
					"@loader_path/Frameworks",
				);
				PRODUCT_BUNDLE_IDENTIFIER = com.davidanglin.FlagManiaTests;
				PRODUCT_NAME = "$(TARGET_NAME)";
				SWIFT_OPTIMIZATION_LEVEL = "-Onone";
				SWIFT_VERSION = 5.0;
				TARGETED_DEVICE_FAMILY = "1,2";
				TEST_HOST = "$(BUILT_PRODUCTS_DIR)/FlagMania.app/FlagMania";
			};
			name = Debug;
		};
		2E8B3F54255D725A00EFE2DF /* Release */ = {
			isa = XCBuildConfiguration;
			buildSettings = {
				ALWAYS_EMBED_SWIFT_STANDARD_LIBRARIES = YES;
				BUNDLE_LOADER = "$(TEST_HOST)";
				CLANG_ENABLE_MODULES = YES;
				CODE_SIGN_STYLE = Automatic;
				DEVELOPMENT_TEAM = EZVKD2Y4CX;
				INFOPLIST_FILE = FlagManiaTests/Info.plist;
				IPHONEOS_DEPLOYMENT_TARGET = 14.1;
				LD_RUNPATH_SEARCH_PATHS = (
					"$(inherited)",
					"@executable_path/Frameworks",
					"@loader_path/Frameworks",
				);
				PRODUCT_BUNDLE_IDENTIFIER = com.davidanglin.FlagManiaTests;
				PRODUCT_NAME = "$(TARGET_NAME)";
				SWIFT_VERSION = 5.0;
				TARGETED_DEVICE_FAMILY = "1,2";
				TEST_HOST = "$(BUILT_PRODUCTS_DIR)/FlagMania.app/FlagMania";
			};
			name = Release;
		};
/* End XCBuildConfiguration section */

/* Begin XCConfigurationList section */
		2E8B3F20255D725900EFE2DF /* Build configuration list for PBXProject "FlagMania" */ = {
			isa = XCConfigurationList;
			buildConfigurations = (
				2E8B3F4D255D725A00EFE2DF /* Debug */,
				2E8B3F4E255D725A00EFE2DF /* Release */,
			);
			defaultConfigurationIsVisible = 0;
			defaultConfigurationName = Release;
		};
		2E8B3F4F255D725A00EFE2DF /* Build configuration list for PBXNativeTarget "FlagMania" */ = {
			isa = XCConfigurationList;
			buildConfigurations = (
				2E8B3F50255D725A00EFE2DF /* Debug */,
				2E8B3F51255D725A00EFE2DF /* Release */,
			);
			defaultConfigurationIsVisible = 0;
			defaultConfigurationName = Release;
		};
		2E8B3F52255D725A00EFE2DF /* Build configuration list for PBXNativeTarget "FlagManiaTests" */ = {
			isa = XCConfigurationList;
			buildConfigurations = (
				2E8B3F53255D725A00EFE2DF /* Debug */,
				2E8B3F54255D725A00EFE2DF /* Release */,
			);
			defaultConfigurationIsVisible = 0;
			defaultConfigurationName = Release;
		};
/* End XCConfigurationList section */
	};
	rootObject = 2E8B3F1D255D725900EFE2DF /* Project object */;
}
